
Microsoft Visual Studio Solution File, Format Version 12.00
# Visual Studio Version 17
VisualStudioVersion = 17.5.33530.505
MinimumVisualStudioVersion = 10.0.40219.1
Project("{9A19103F-16F7-4668-BE54-9A1E7A4F7556}") = "00.Algorithm", "00.Algorithm\00.Algorithm.csproj", "{F163F17C-4C53-4839-9A46-B0B4258797DA}"
EndProject
Project("{9A19103F-16F7-4668-BE54-9A1E7A4F7556}") = "01.List", "01.List\01.List.csproj", "{F1D62C3E-E99C-43C8-9639-A94D07C8C3B1}"
EndProject
Project("{9A19103F-16F7-4668-BE54-9A1E7A4F7556}") = "02.LinkedList", "02.LinkedList\02.LinkedList.csproj", "{90136226-FCFC-477B-9FDD-92E6B793CFA5}"
EndProject
Project("{9A19103F-16F7-4668-BE54-9A1E7A4F7556}") = "03.Iterator", "03.Iterator\03.Iterator.csproj", "{BAEF0BDA-C400-4422-83F3-85AFA5E69420}"
EndProject
Project("{9A19103F-16F7-4668-BE54-9A1E7A4F7556}") = "04.Stack", "04.Stack\04.Stack.csproj", "{5742B880-B774-4884-AD43-879BFE588D92}"
EndProject
Project("{9A19103F-16F7-4668-BE54-9A1E7A4F7556}") = "05.Queue", "05.Queue\05.Queue.csproj", "{8C559915-7194-487A-928C-CE3EECBAEB0C}"
EndProject
Project("{9A19103F-16F7-4668-BE54-9A1E7A4F7556}") = "06.Heap", "06.Heap\06.Heap.csproj", "{3405A701-529A-4168-AF9B-6C23AE52BF0F}"
EndProject
Project("{9A19103F-16F7-4668-BE54-9A1E7A4F7556}") = "07.BinarySearchTree", "07.BinarySearchTree\07.BinarySearchTree.csproj", "{439243CF-9917-4EC2-8220-B47D317B30B4}"
EndProject
Project("{9A19103F-16F7-4668-BE54-9A1E7A4F7556}") = "08.HashTable", "08.HashTable\08.HashTable.csproj", "{2387E404-014C-4BCD-8426-9D7CCF24EDC7}"
EndProject
Project("{9A19103F-16F7-4668-BE54-9A1E7A4F7556}") = "09.DesignTechnique", "09.DesignTechnique\09.DesignTechnique.csproj", "{B5527C86-8580-4F2D-80D4-337ABE94B5A9}"
EndProject
Project("{FAE04EC0-301F-11D3-BF4B-00C04F79EFBC}") = "10.Sort", "10.Sort\10.Sort.csproj", "{88A2F379-B5C3-42A0-A14C-73C77B5BF014}"
EndProject
Global
	GlobalSection(SolutionConfigurationPlatforms) = preSolution
		Debug|Any CPU = Debug|Any CPU
		Release|Any CPU = Release|Any CPU
	EndGlobalSection
	GlobalSection(ProjectConfigurationPlatforms) = postSolution
		{F163F17C-4C53-4839-9A46-B0B4258797DA}.Debug|Any CPU.ActiveCfg = Debug|Any CPU
		{F163F17C-4C53-4839-9A46-B0B4258797DA}.Debug|Any CPU.Build.0 = Debug|Any CPU
		{F163F17C-4C53-4839-9A46-B0B4258797DA}.Release|Any CPU.ActiveCfg = Release|Any CPU
		{F163F17C-4C53-4839-9A46-B0B4258797DA}.Release|Any CPU.Build.0 = Release|Any CPU
		{F1D62C3E-E99C-43C8-9639-A94D07C8C3B1}.Debug|Any CPU.ActiveCfg = Debug|Any CPU
		{F1D62C3E-E99C-43C8-9639-A94D07C8C3B1}.Debug|Any CPU.Build.0 = Debug|Any CPU
		{F1D62C3E-E99C-43C8-9639-A94D07C8C3B1}.Release|Any CPU.ActiveCfg = Release|Any CPU
		{F1D62C3E-E99C-43C8-9639-A94D07C8C3B1}.Release|Any CPU.Build.0 = Release|Any CPU
		{90136226-FCFC-477B-9FDD-92E6B793CFA5}.Debug|Any CPU.ActiveCfg = Debug|Any CPU
		{90136226-FCFC-477B-9FDD-92E6B793CFA5}.Debug|Any CPU.Build.0 = Debug|Any CPU
		{90136226-FCFC-477B-9FDD-92E6B793CFA5}.Release|Any CPU.ActiveCfg = Release|Any CPU
		{90136226-FCFC-477B-9FDD-92E6B793CFA5}.Release|Any CPU.Build.0 = Release|Any CPU
		{BAEF0BDA-C400-4422-83F3-85AFA5E69420}.Debug|Any CPU.ActiveCfg = Debug|Any CPU
		{BAEF0BDA-C400-4422-83F3-85AFA5E69420}.Debug|Any CPU.Build.0 = Debug|Any CPU
		{BAEF0BDA-C400-4422-83F3-85AFA5E69420}.Release|Any CPU.ActiveCfg = Release|Any CPU
		{BAEF0BDA-C400-4422-83F3-85AFA5E69420}.Release|Any CPU.Build.0 = Release|Any CPU
		{5742B880-B774-4884-AD43-879BFE588D92}.Debug|Any CPU.ActiveCfg = Debug|Any CPU
		{5742B880-B774-4884-AD43-879BFE588D92}.Debug|Any CPU.Build.0 = Debug|Any CPU
		{5742B880-B774-4884-AD43-879BFE588D92}.Release|Any CPU.ActiveCfg = Release|Any CPU
		{5742B880-B774-4884-AD43-879BFE588D92}.Release|Any CPU.Build.0 = Release|Any CPU
		{8C559915-7194-487A-928C-CE3EECBAEB0C}.Debug|Any CPU.ActiveCfg = Debug|Any CPU
		{8C559915-7194-487A-928C-CE3EECBAEB0C}.Debug|Any CPU.Build.0 = Debug|Any CPU
		{8C559915-7194-487A-928C-CE3EECBAEB0C}.Release|Any CPU.ActiveCfg = Release|Any CPU
		{8C559915-7194-487A-928C-CE3EECBAEB0C}.Release|Any CPU.Build.0 = Release|Any CPU
		{3405A701-529A-4168-AF9B-6C23AE52BF0F}.Debug|Any CPU.ActiveCfg = Debug|Any CPU
		{3405A701-529A-4168-AF9B-6C23AE52BF0F}.Debug|Any CPU.Build.0 = Debug|Any CPU
		{3405A701-529A-4168-AF9B-6C23AE52BF0F}.Release|Any CPU.ActiveCfg = Release|Any CPU
		{3405A701-529A-4168-AF9B-6C23AE52BF0F}.Release|Any CPU.Build.0 = Release|Any CPU
		{439243CF-9917-4EC2-8220-B47D317B30B4}.Debug|Any CPU.ActiveCfg = Debug|Any CPU
		{439243CF-9917-4EC2-8220-B47D317B30B4}.Debug|Any CPU.Build.0 = Debug|Any CPU
		{439243CF-9917-4EC2-8220-B47D317B30B4}.Release|Any CPU.ActiveCfg = Release|Any CPU
		{439243CF-9917-4EC2-8220-B47D317B30B4}.Release|Any CPU.Build.0 = Release|Any CPU
		{2387E404-014C-4BCD-8426-9D7CCF24EDC7}.Debug|Any CPU.ActiveCfg = Debug|Any CPU
		{2387E404-014C-4BCD-8426-9D7CCF24EDC7}.Debug|Any CPU.Build.0 = Debug|Any CPU
		{2387E404-014C-4BCD-8426-9D7CCF24EDC7}.Release|Any CPU.ActiveCfg = Release|Any CPU
		{2387E404-014C-4BCD-8426-9D7CCF24EDC7}.Release|Any CPU.Build.0 = Release|Any CPU
		{B5527C86-8580-4F2D-80D4-337ABE94B5A9}.Debug|Any CPU.ActiveCfg = Debug|Any CPU
		{B5527C86-8580-4F2D-80D4-337ABE94B5A9}.Debug|Any CPU.Build.0 = Debug|Any CPU
		{B5527C86-8580-4F2D-80D4-337ABE94B5A9}.Release|Any CPU.ActiveCfg = Release|Any CPU
		{B5527C86-8580-4F2D-80D4-337ABE94B5A9}.Release|Any CPU.Build.0 = Release|Any CPU
		{88A2F379-B5C3-42A0-A14C-73C77B5BF014}.Debug|Any CPU.ActiveCfg = Debug|Any CPU
		{88A2F379-B5C3-42A0-A14C-73C77B5BF014}.Debug|Any CPU.Build.0 = Debug|Any CPU
		{88A2F379-B5C3-42A0-A14C-73C77B5BF014}.Release|Any CPU.ActiveCfg = Release|Any CPU
		{88A2F379-B5C3-42A0-A14C-73C77B5BF014}.Release|Any CPU.Build.0 = Release|Any CPU
	EndGlobalSection
	GlobalSection(SolutionProperties) = preSolution
		HideSolutionNode = FALSE
	EndGlobalSection
	GlobalSection(ExtensibilityGlobals) = postSolution
		SolutionGuid = {4766FF99-DB19-4567-A517-70ABC9A9EB81}
	EndGlobalSection
EndGlobal
