
Microsoft Visual Studio Solution File, Format Version 12.00
# Visual Studio Version 17
VisualStudioVersion = 17.5.33530.505
MinimumVisualStudioVersion = 10.0.40219.1
Project("{9A19103F-16F7-4668-BE54-9A1E7A4F7556}") = "00.Algorithm", "00.Algorithm\00.Algorithm.csproj", "{F163F17C-4C53-4839-9A46-B0B4258797DA}"
EndProject
Project("{9A19103F-16F7-4668-BE54-9A1E7A4F7556}") = "01.List", "01.List\01.List.csproj", "{F1D62C3E-E99C-43C8-9639-A94D07C8C3B1}"
EndProject
Project("{9A19103F-16F7-4668-BE54-9A1E7A4F7556}") = "02.LinkedList", "02.LinkedList\02.LinkedList.csproj", "{90136226-FCFC-477B-9FDD-92E6B793CFA5}"
EndProject
Project("{9A19103F-16F7-4668-BE54-9A1E7A4F7556}") = "03.Iterator", "03.Iterator\03.Iterator.csproj", "{BAEF0BDA-C400-4422-83F3-85AFA5E69420}"
EndProject
Project("{FAE04EC0-301F-11D3-BF4B-00C04F79EFBC}") = "04.Stack", "04.Stack\04.Stack.csproj", "{5742B880-B774-4884-AD43-879BFE588D92}"
EndProject
Global
	GlobalSection(SolutionConfigurationPlatforms) = preSolution
		Debug|Any CPU = Debug|Any CPU
		Release|Any CPU = Release|Any CPU
	EndGlobalSection
	GlobalSection(ProjectConfigurationPlatforms) = postSolution
		{F163F17C-4C53-4839-9A46-B0B4258797DA}.Debug|Any CPU.ActiveCfg = Debug|Any CPU
		{F163F17C-4C53-4839-9A46-B0B4258797DA}.Debug|Any CPU.Build.0 = Debug|Any CPU
		{F163F17C-4C53-4839-9A46-B0B4258797DA}.Release|Any CPU.ActiveCfg = Release|Any CPU
		{F163F17C-4C53-4839-9A46-B0B4258797DA}.Release|Any CPU.Build.0 = Release|Any CPU
		{F1D62C3E-E99C-43C8-9639-A94D07C8C3B1}.Debug|Any CPU.ActiveCfg = Debug|Any CPU
		{F1D62C3E-E99C-43C8-9639-A94D07C8C3B1}.Debug|Any CPU.Build.0 = Debug|Any CPU
		{F1D62C3E-E99C-43C8-9639-A94D07C8C3B1}.Release|Any CPU.ActiveCfg = Release|Any CPU
		{F1D62C3E-E99C-43C8-9639-A94D07C8C3B1}.Release|Any CPU.Build.0 = Release|Any CPU
		{90136226-FCFC-477B-9FDD-92E6B793CFA5}.Debug|Any CPU.ActiveCfg = Debug|Any CPU
		{90136226-FCFC-477B-9FDD-92E6B793CFA5}.Debug|Any CPU.Build.0 = Debug|Any CPU
		{90136226-FCFC-477B-9FDD-92E6B793CFA5}.Release|Any CPU.ActiveCfg = Release|Any CPU
		{90136226-FCFC-477B-9FDD-92E6B793CFA5}.Release|Any CPU.Build.0 = Release|Any CPU
		{BAEF0BDA-C400-4422-83F3-85AFA5E69420}.Debug|Any CPU.ActiveCfg = Debug|Any CPU
		{BAEF0BDA-C400-4422-83F3-85AFA5E69420}.Debug|Any CPU.Build.0 = Debug|Any CPU
		{BAEF0BDA-C400-4422-83F3-85AFA5E69420}.Release|Any CPU.ActiveCfg = Release|Any CPU
		{BAEF0BDA-C400-4422-83F3-85AFA5E69420}.Release|Any CPU.Build.0 = Release|Any CPU
		{5742B880-B774-4884-AD43-879BFE588D92}.Debug|Any CPU.ActiveCfg = Debug|Any CPU
		{5742B880-B774-4884-AD43-879BFE588D92}.Debug|Any CPU.Build.0 = Debug|Any CPU
		{5742B880-B774-4884-AD43-879BFE588D92}.Release|Any CPU.ActiveCfg = Release|Any CPU
		{5742B880-B774-4884-AD43-879BFE588D92}.Release|Any CPU.Build.0 = Release|Any CPU
	EndGlobalSection
	GlobalSection(SolutionProperties) = preSolution
		HideSolutionNode = FALSE
	EndGlobalSection
	GlobalSection(ExtensibilityGlobals) = postSolution
		SolutionGuid = {4766FF99-DB19-4567-A517-70ABC9A9EB81}
	EndGlobalSection
EndGlobal
